// !$*UTF8*$!
{
	archiveVersion = 1;
	classes = {
	};
	objectVersion = 51;
	objects = {

/* Begin PBXBuildFile section */
		181FD03125723595004EEC12 /* AppDelegate.swift in Sources */ = {isa = PBXBuildFile; fileRef = 181FD03025723595004EEC12 /* AppDelegate.swift */; };
		181FD03325723595004EEC12 /* SceneDelegate.swift in Sources */ = {isa = PBXBuildFile; fileRef = 181FD03225723595004EEC12 /* SceneDelegate.swift */; };
		181FD03525723595004EEC12 /* ViewController.swift in Sources */ = {isa = PBXBuildFile; fileRef = 181FD03425723595004EEC12 /* ViewController.swift */; };
		181FD03825723595004EEC12 /* Main.storyboard in Resources */ = {isa = PBXBuildFile; fileRef = 181FD03625723595004EEC12 /* Main.storyboard */; };
		181FD03A2572359C004EEC12 /* Assets.xcassets in Resources */ = {isa = PBXBuildFile; fileRef = 181FD0392572359C004EEC12 /* Assets.xcassets */; };
		181FD03D2572359C004EEC12 /* LaunchScreen.storyboard in Resources */ = {isa = PBXBuildFile; fileRef = 181FD03B2572359C004EEC12 /* LaunchScreen.storyboard */; };
		18A30359257243A900C6A175 /* Chapter06.swift in Sources */ = {isa = PBXBuildFile; fileRef = 18A30358257243A900C6A175 /* Chapter06.swift */; };
		FDF8915B9AF7402746AA634A /* Pods_RealmBasic.framework in Frameworks */ = {isa = PBXBuildFile; fileRef = F0C962D38487742EAF08CCA4 /* Pods_RealmBasic.framework */; };
/* End PBXBuildFile section */

/* Begin PBXFileReference section */
		181FD02D25723595004EEC12 /* RealmBasic.app */ = {isa = PBXFileReference; explicitFileType = wrapper.application; includeInIndex = 0; path = RealmBasic.app; sourceTree = BUILT_PRODUCTS_DIR; };
		181FD03025723595004EEC12 /* AppDelegate.swift */ = {isa = PBXFileReference; lastKnownFileType = sourcecode.swift; path = AppDelegate.swift; sourceTree = "<group>"; };
		181FD03225723595004EEC12 /* SceneDelegate.swift */ = {isa = PBXFileReference; lastKnownFileType = sourcecode.swift; path = SceneDelegate.swift; sourceTree = "<group>"; };
		181FD03425723595004EEC12 /* ViewController.swift */ = {isa = PBXFileReference; lastKnownFileType = sourcecode.swift; path = ViewController.swift; sourceTree = "<group>"; };
		181FD03725723595004EEC12 /* Base */ = {isa = PBXFileReference; lastKnownFileType = file.storyboard; name = Base; path = Base.lproj/Main.storyboard; sourceTree = "<group>"; };
		181FD0392572359C004EEC12 /* Assets.xcassets */ = {isa = PBXFileReference; lastKnownFileType = folder.assetcatalog; path = Assets.xcassets; sourceTree = "<group>"; };
		181FD03C2572359C004EEC12 /* Base */ = {isa = PBXFileReference; lastKnownFileType = file.storyboard; name = Base; path = Base.lproj/LaunchScreen.storyboard; sourceTree = "<group>"; };
		181FD03E2572359C004EEC12 /* Info.plist */ = {isa = PBXFileReference; lastKnownFileType = text.plist.xml; path = Info.plist; sourceTree = "<group>"; };
		18A30358257243A900C6A175 /* Chapter06.swift */ = {isa = PBXFileReference; lastKnownFileType = sourcecode.swift; path = Chapter06.swift; sourceTree = "<group>"; };
		4D683A99EE62E3DE944C03A8 /* Pods-RealmBasic.release.xcconfig */ = {isa = PBXFileReference; includeInIndex = 1; lastKnownFileType = text.xcconfig; name = "Pods-RealmBasic.release.xcconfig"; path = "Target Support Files/Pods-RealmBasic/Pods-RealmBasic.release.xcconfig"; sourceTree = "<group>"; };
		6AF9FA30604CA201298F8E97 /* Pods-RealmBasic.debug.xcconfig */ = {isa = PBXFileReference; includeInIndex = 1; lastKnownFileType = text.xcconfig; name = "Pods-RealmBasic.debug.xcconfig"; path = "Target Support Files/Pods-RealmBasic/Pods-RealmBasic.debug.xcconfig"; sourceTree = "<group>"; };
		F0C962D38487742EAF08CCA4 /* Pods_RealmBasic.framework */ = {isa = PBXFileReference; explicitFileType = wrapper.framework; includeInIndex = 0; path = Pods_RealmBasic.framework; sourceTree = BUILT_PRODUCTS_DIR; };
/* End PBXFileReference section */

/* Begin PBXFrameworksBuildPhase section */
		181FD02A25723595004EEC12 /* Frameworks */ = {
			isa = PBXFrameworksBuildPhase;
			buildActionMask = 2147483647;
			files = (
				FDF8915B9AF7402746AA634A /* Pods_RealmBasic.framework in Frameworks */,
			);
			runOnlyForDeploymentPostprocessing = 0;
		};
/* End PBXFrameworksBuildPhase section */

/* Begin PBXGroup section */
		181FD02425723595004EEC12 = {
			isa = PBXGroup;
			children = (
				181FD02F25723595004EEC12 /* RealmBasic */,
				181FD02E25723595004EEC12 /* Products */,
				7697DE807448DEB1A4105E65 /* Pods */,
				8508C6505E1BBCA1EBFBCD0C /* Frameworks */,
			);
			sourceTree = "<group>";
		};
		181FD02E25723595004EEC12 /* Products */ = {
			isa = PBXGroup;
			children = (
				181FD02D25723595004EEC12 /* RealmBasic.app */,
			);
			name = Products;
			sourceTree = "<group>";
		};
		181FD02F25723595004EEC12 /* RealmBasic */ = {
			isa = PBXGroup;
			children = (
				181FD03025723595004EEC12 /* AppDelegate.swift */,
				181FD03225723595004EEC12 /* SceneDelegate.swift */,
				181FD03425723595004EEC12 /* ViewController.swift */,
				181FD03625723595004EEC12 /* Main.storyboard */,
				181FD0392572359C004EEC12 /* Assets.xcassets */,
				181FD03B2572359C004EEC12 /* LaunchScreen.storyboard */,
				181FD03E2572359C004EEC12 /* Info.plist */,
				18A30358257243A900C6A175 /* Chapter06.swift */,
			);
			path = RealmBasic;
			sourceTree = "<group>";
		};
		7697DE807448DEB1A4105E65 /* Pods */ = {
			isa = PBXGroup;
			children = (
				6AF9FA30604CA201298F8E97 /* Pods-RealmBasic.debug.xcconfig */,
				4D683A99EE62E3DE944C03A8 /* Pods-RealmBasic.release.xcconfig */,
			);
			path = Pods;
			sourceTree = "<group>";
		};
		8508C6505E1BBCA1EBFBCD0C /* Frameworks */ = {
			isa = PBXGroup;
			children = (
				F0C962D38487742EAF08CCA4 /* Pods_RealmBasic.framework */,
			);
			name = Frameworks;
			sourceTree = "<group>";
		};
/* End PBXGroup section */

/* Begin PBXNativeTarget section */
		181FD02C25723595004EEC12 /* RealmBasic */ = {
			isa = PBXNativeTarget;
			buildConfigurationList = 181FD0412572359C004EEC12 /* Build configuration list for PBXNativeTarget "RealmBasic" */;
			buildPhases = (
				E4F8A740BE14711C4B1C5EA0 /* [CP] Check Pods Manifest.lock */,
				181FD02925723595004EEC12 /* Sources */,
				181FD02A25723595004EEC12 /* Frameworks */,
				181FD02B25723595004EEC12 /* Resources */,
				4B0EE32EF1F2AB244B828FF9 /* [CP] Embed Pods Frameworks */,
			);
			buildRules = (
			);
			dependencies = (
			);
			name = RealmBasic;
			productName = RealmBasic;
			productReference = 181FD02D25723595004EEC12 /* RealmBasic.app */;
			productType = "com.apple.product-type.application";
		};
/* End PBXNativeTarget section */

/* Begin PBXProject section */
		181FD02525723595004EEC12 /* Project object */ = {
			isa = PBXProject;
			attributes = {
				LastSwiftUpdateCheck = 1220;
				LastUpgradeCheck = 1220;
				TargetAttributes = {
					181FD02C25723595004EEC12 = {
						CreatedOnToolsVersion = 12.2;
					};
				};
			};
			buildConfigurationList = 181FD02825723595004EEC12 /* Build configuration list for PBXProject "RealmBasic" */;
			compatibilityVersion = "Xcode 9.3";
			developmentRegion = en;
			hasScannedForEncodings = 0;
			knownRegions = (
				en,
				Base,
			);
			mainGroup = 181FD02425723595004EEC12;
			productRefGroup = 181FD02E25723595004EEC12 /* Products */;
			projectDirPath = "";
			projectRoot = "";
			targets = (
				181FD02C25723595004EEC12 /* RealmBasic */,
			);
		};
/* End PBXProject section */

/* Begin PBXResourcesBuildPhase section */
		181FD02B25723595004EEC12 /* Resources */ = {
			isa = PBXResourcesBuildPhase;
			buildActionMask = 2147483647;
			files = (
				181FD03D2572359C004EEC12 /* LaunchScreen.storyboard in Resources */,
				181FD03A2572359C004EEC12 /* Assets.xcassets in Resources */,
				181FD03825723595004EEC12 /* Main.storyboard in Resources */,
			);
			runOnlyForDeploymentPostprocessing = 0;
		};
/* End PBXResourcesBuildPhase section */

/* Begin PBXShellScriptBuildPhase section */
		4B0EE32EF1F2AB244B828FF9 /* [CP] Embed Pods Frameworks */ = {
			isa = PBXShellScriptBuildPhase;
			buildActionMask = 2147483647;
			files = (
			);
			inputFileListPaths = (
				"${PODS_ROOT}/Target Support Files/Pods-RealmBasic/Pods-RealmBasic-frameworks-${CONFIGURATION}-input-files.xcfilelist",
			);
			name = "[CP] Embed Pods Frameworks";
			outputFileListPaths = (
				"${PODS_ROOT}/Target Support Files/Pods-RealmBasic/Pods-RealmBasic-frameworks-${CONFIGURATION}-output-files.xcfilelist",
			);
			runOnlyForDeploymentPostprocessing = 0;
			shellPath = /bin/sh;
			shellScript = "\"${PODS_ROOT}/Target Support Files/Pods-RealmBasic/Pods-RealmBasic-frameworks.sh\"\n";
			showEnvVarsInLog = 0;
		};
		E4F8A740BE14711C4B1C5EA0 /* [CP] Check Pods Manifest.lock */ = {
			isa = PBXShellScriptBuildPhase;
			buildActionMask = 2147483647;
			files = (
			);
			inputFileListPaths = (
			);
			inputPaths = (
				"${PODS_PODFILE_DIR_PATH}/Podfile.lock",
				"${PODS_ROOT}/Manifest.lock",
			);
			name = "[CP] Check Pods Manifest.lock";
			outputFileListPaths = (
			);
			outputPaths = (
				"$(DERIVED_FILE_DIR)/Pods-RealmBasic-checkManifestLockResult.txt",
			);
			runOnlyForDeploymentPostprocessing = 0;
			shellPath = /bin/sh;
			shellScript = "diff \"${PODS_PODFILE_DIR_PATH}/Podfile.lock\" \"${PODS_ROOT}/Manifest.lock\" > /dev/null\nif [ $? != 0 ] ; then\n    # print error to STDERR\n    echo \"error: The sandbox is not in sync with the Podfile.lock. Run 'pod install' or update your CocoaPods installation.\" >&2\n    exit 1\nfi\n# This output is used by Xcode 'outputs' to avoid re-running this script phase.\necho \"SUCCESS\" > \"${SCRIPT_OUTPUT_FILE_0}\"\n";
			showEnvVarsInLog = 0;
		};
/* End PBXShellScriptBuildPhase section */

/* Begin PBXSourcesBuildPhase section */
		181FD02925723595004EEC12 /* Sources */ = {
			isa = PBXSourcesBuildPhase;
			buildActionMask = 2147483647;
			files = (
				181FD03525723595004EEC12 /* ViewController.swift in Sources */,
				181FD03125723595004EEC12 /* AppDelegate.swift in Sources */,
				181FD03325723595004EEC12 /* SceneDelegate.swift in Sources */,
				18A30359257243A900C6A175 /* Chapter06.swift in Sources */,
			);
			runOnlyForDeploymentPostprocessing = 0;
		};
/* End PBXSourcesBuildPhase section */

/* Begin PBXVariantGroup section */
		181FD03625723595004EEC12 /* Main.storyboard */ = {
			isa = PBXVariantGroup;
			children = (
				181FD03725723595004EEC12 /* Base */,
			);
			name = Main.storyboard;
			sourceTree = "<group>";
		};
		181FD03B2572359C004EEC12 /* LaunchScreen.storyboard */ = {
			isa = PBXVariantGroup;
			children = (
				181FD03C2572359C004EEC12 /* Base */,
			);
			name = LaunchScreen.storyboard;
			sourceTree = "<group>";
		};
/* End PBXVariantGroup section */

/* Begin XCBuildConfiguration section */
		181FD03F2572359C004EEC12 /* Debug */ = {
			isa = XCBuildConfiguration;
			buildSettings = {
				ALWAYS_SEARCH_USER_PATHS = NO;
				CLANG_ANALYZER_NONNULL = YES;
				CLANG_ANALYZER_NUMBER_OBJECT_CONVERSION = YES_AGGRESSIVE;
				CLANG_CXX_LANGUAGE_STANDARD = "gnu++14";
				CLANG_CXX_LIBRARY = "libc++";
				CLANG_ENABLE_MODULES = YES;
				CLANG_ENABLE_OBJC_ARC = YES;
				CLANG_ENABLE_OBJC_WEAK = YES;
				CLANG_WARN_BLOCK_CAPTURE_AUTORELEASING = YES;
				CLANG_WARN_BOOL_CONVERSION = YES;
				CLANG_WARN_COMMA = YES;
				CLANG_WARN_CONSTANT_CONVERSION = YES;
				CLANG_WARN_DEPRECATED_OBJC_IMPLEMENTATIONS = YES;
				CLANG_WARN_DIRECT_OBJC_ISA_USAGE = YES_ERROR;
				CLANG_WARN_DOCUMENTATION_COMMENTS = YES;
				CLANG_WARN_EMPTY_BODY = YES;
				CLANG_WARN_ENUM_CONVERSION = YES;
				CLANG_WARN_INFINITE_RECURSION = YES;
				CLANG_WARN_INT_CONVERSION = YES;
				CLANG_WARN_NON_LITERAL_NULL_CONVERSION = YES;
				CLANG_WARN_OBJC_IMPLICIT_RETAIN_SELF = YES;
				CLANG_WARN_OBJC_LITERAL_CONVERSION = YES;
				CLANG_WARN_OBJC_ROOT_CLASS = YES_ERROR;
				CLANG_WARN_QUOTED_INCLUDE_IN_FRAMEWORK_HEADER = YES;
				CLANG_WARN_RANGE_LOOP_ANALYSIS = YES;
				CLANG_WARN_STRICT_PROTOTYPES = YES;
				CLANG_WARN_SUSPICIOUS_MOVE = YES;
				CLANG_WARN_UNGUARDED_AVAILABILITY = YES_AGGRESSIVE;
				CLANG_WARN_UNREACHABLE_CODE = YES;
				CLANG_WARN__DUPLICATE_METHOD_MATCH = YES;
				COPY_PHASE_STRIP = NO;
				DEBUG_INFORMATION_FORMAT = dwarf;
				ENABLE_STRICT_OBJC_MSGSEND = YES;
				ENABLE_TESTABILITY = YES;
				GCC_C_LANGUAGE_STANDARD = gnu11;
				GCC_DYNAMIC_NO_PIC = NO;
				GCC_NO_COMMON_BLOCKS = YES;
				GCC_OPTIMIZATION_LEVEL = 0;
				GCC_PREPROCESSOR_DEFINITIONS = (
					"DEBUG=1",
					"$(inherited)",
				);
				GCC_WARN_64_TO_32_BIT_CONVERSION = YES;
				GCC_WARN_ABOUT_RETURN_TYPE = YES_ERROR;
				GCC_WARN_UNDECLARED_SELECTOR = YES;
				GCC_WARN_UNINITIALIZED_AUTOS = YES_AGGRESSIVE;
				GCC_WARN_UNUSED_FUNCTION = YES;
				GCC_WARN_UNUSED_VARIABLE = YES;
				IPHONEOS_DEPLOYMENT_TARGET = 14.2;
				MTL_ENABLE_DEBUG_INFO = INCLUDE_SOURCE;
				MTL_FAST_MATH = YES;
				ONLY_ACTIVE_ARCH = YES;
				SDKROOT = iphoneos;
				SWIFT_ACTIVE_COMPILATION_CONDITIONS = DEBUG;
				SWIFT_OPTIMIZATION_LEVEL = "-Onone";
			};
			name = Debug;
		};
		181FD0402572359C004EEC12 /* Release */ = {
			isa = XCBuildConfiguration;
			buildSettings = {
				ALWAYS_SEARCH_USER_PATHS = NO;
				CLANG_ANALYZER_NONNULL = YES;
				CLANG_ANALYZER_NUMBER_OBJECT_CONVERSION = YES_AGGRESSIVE;
				CLANG_CXX_LANGUAGE_STANDARD = "gnu++14";
				CLANG_CXX_LIBRARY = "libc++";
				CLANG_ENABLE_MODULES = YES;
				CLANG_ENABLE_OBJC_ARC = YES;
				CLANG_ENABLE_OBJC_WEAK = YES;
				CLANG_WARN_BLOCK_CAPTURE_AUTORELEASING = YES;
				CLANG_WARN_BOOL_CONVERSION = YES;
				CLANG_WARN_COMMA = YES;
				CLANG_WARN_CONSTANT_CONVERSION = YES;
				CLANG_WARN_DEPRECATED_OBJC_IMPLEMENTATIONS = YES;
				CLANG_WARN_DIRECT_OBJC_ISA_USAGE = YES_ERROR;
				CLANG_WARN_DOCUMENTATION_COMMENTS = YES;
				CLANG_WARN_EMPTY_BODY = YES;
				CLANG_WARN_ENUM_CONVERSION = YES;
				CLANG_WARN_INFINITE_RECURSION = YES;
				CLANG_WARN_INT_CONVERSION = YES;
				CLANG_WARN_NON_LITERAL_NULL_CONVERSION = YES;
				CLANG_WARN_OBJC_IMPLICIT_RETAIN_SELF = YES;
				CLANG_WARN_OBJC_LITERAL_CONVERSION = YES;
				CLANG_WARN_OBJC_ROOT_CLASS = YES_ERROR;
				CLANG_WARN_QUOTED_INCLUDE_IN_FRAMEWORK_HEADER = YES;
				CLANG_WARN_RANGE_LOOP_ANALYSIS = YES;
				CLANG_WARN_STRICT_PROTOTYPES = YES;
				CLANG_WARN_SUSPICIOUS_MOVE = YES;
				CLANG_WARN_UNGUARDED_AVAILABILITY = YES_AGGRESSIVE;
				CLANG_WARN_UNREACHABLE_CODE = YES;
				CLANG_WARN__DUPLICATE_METHOD_MATCH = YES;
				COPY_PHASE_STRIP = NO;
				DEBUG_INFORMATION_FORMAT = "dwarf-with-dsym";
				ENABLE_NS_ASSERTIONS = NO;
				ENABLE_STRICT_OBJC_MSGSEND = YES;
				GCC_C_LANGUAGE_STANDARD = gnu11;
				GCC_NO_COMMON_BLOCKS = YES;
				GCC_WARN_64_TO_32_BIT_CONVERSION = YES;
				GCC_WARN_ABOUT_RETURN_TYPE = YES_ERROR;
				GCC_WARN_UNDECLARED_SELECTOR = YES;
				GCC_WARN_UNINITIALIZED_AUTOS = YES_AGGRESSIVE;
				GCC_WARN_UNUSED_FUNCTION = YES;
				GCC_WARN_UNUSED_VARIABLE = YES;
				IPHONEOS_DEPLOYMENT_TARGET = 14.2;
				MTL_ENABLE_DEBUG_INFO = NO;
				MTL_FAST_MATH = YES;
				SDKROOT = iphoneos;
				SWIFT_COMPILATION_MODE = wholemodule;
				SWIFT_OPTIMIZATION_LEVEL = "-O";
				VALIDATE_PRODUCT = YES;
			};
			name = Release;
		};
		181FD0422572359C004EEC12 /* Debug */ = {
			isa = XCBuildConfiguration;
			baseConfigurationReference = 6AF9FA30604CA201298F8E97 /* Pods-RealmBasic.debug.xcconfig */;
			buildSettings = {
				ASSETCATALOG_COMPILER_APPICON_NAME = AppIcon;
				ASSETCATALOG_COMPILER_GLOBAL_ACCENT_COLOR_NAME = AccentColor;
				CODE_SIGN_STYLE = Automatic;
				DEVELOPMENT_TEAM = CM295DQ64D;
				INFOPLIST_FILE = RealmBasic/Info.plist;
				LD_RUNPATH_SEARCH_PATHS = (
					"$(inherited)",
					"@executable_path/Frameworks",
				);
				PRODUCT_BUNDLE_IDENTIFIER = takahiro.hara.RealmBasic;
				PRODUCT_NAME = "$(TARGET_NAME)";
				SWIFT_VERSION = 5.0;
				TARGETED_DEVICE_FAMILY = "1,2";
			};
			name = Debug;
		};
		181FD0432572359C004EEC12 /* Release */ = {
			isa = XCBuildConfiguration;
			baseConfigurationReference = 4D683A99EE62E3DE944C03A8 /* Pods-RealmBasic.release.xcconfig */;
			buildSettings = {
				ASSETCATALOG_COMPILER_APPICON_NAME = AppIcon;
				ASSETCATALOG_COMPILER_GLOBAL_ACCENT_COLOR_NAME = AccentColor;
				CODE_SIGN_STYLE = Automatic;
				DEVELOPMENT_TEAM = CM295DQ64D;
				INFOPLIST_FILE = RealmBasic/Info.plist;
				LD_RUNPATH_SEARCH_PATHS = (
					"$(inherited)",
					"@executable_path/Frameworks",
				);
				PRODUCT_BUNDLE_IDENTIFIER = takahiro.hara.RealmBasic;
				PRODUCT_NAME = "$(TARGET_NAME)";
				SWIFT_VERSION = 5.0;
				TARGETED_DEVICE_FAMILY = "1,2";
			};
			name = Release;
		};
/* End XCBuildConfiguration section */

/* Begin XCConfigurationList section */
		181FD02825723595004EEC12 /* Build configuration list for PBXProject "RealmBasic" */ = {
			isa = XCConfigurationList;
			buildConfigurations = (
				181FD03F2572359C004EEC12 /* Debug */,
				181FD0402572359C004EEC12 /* Release */,
			);
			defaultConfigurationIsVisible = 0;
			defaultConfigurationName = Release;
		};
		181FD0412572359C004EEC12 /* Build configuration list for PBXNativeTarget "RealmBasic" */ = {
			isa = XCConfigurationList;
			buildConfigurations = (
				181FD0422572359C004EEC12 /* Debug */,
				181FD0432572359C004EEC12 /* Release */,
			);
			defaultConfigurationIsVisible = 0;
			defaultConfigurationName = Release;
		};
/* End XCConfigurationList section */
	};
	rootObject = 181FD02525723595004EEC12 /* Project object */;
}
